// !$*UTF8*$!
{
	archiveVersion = 1;
	classes = {
	};
	objectVersion = 46;
	objects = {

/* Begin PBXBuildFile section */
		A41CB8FC1DC0BD920007FBD0 /* RSOnlyReadStarView.m in Sources */ = {isa = PBXBuildFile; fileRef = A41CB8FB1DC0BD920007FBD0 /* RSOnlyReadStarView.m */; };
		A41CB8FF1DC0BDD40007FBD0 /* RSShowOnlyReadStarView.m in Sources */ = {isa = PBXBuildFile; fileRef = A41CB8FE1DC0BDD40007FBD0 /* RSShowOnlyReadStarView.m */; };
		A465EE7B1D6C602200AC3DBD /* main.m in Sources */ = {isa = PBXBuildFile; fileRef = A465EE7A1D6C602200AC3DBD /* main.m */; };
		A465EE7E1D6C602200AC3DBD /* AppDelegate.m in Sources */ = {isa = PBXBuildFile; fileRef = A465EE7D1D6C602200AC3DBD /* AppDelegate.m */; };
		A465EE811D6C602200AC3DBD /* ViewController.m in Sources */ = {isa = PBXBuildFile; fileRef = A465EE801D6C602200AC3DBD /* ViewController.m */; };
		A465EE841D6C602200AC3DBD /* Main.storyboard in Resources */ = {isa = PBXBuildFile; fileRef = A465EE821D6C602200AC3DBD /* Main.storyboard */; };
		A465EE861D6C602200AC3DBD /* Assets.xcassets in Resources */ = {isa = PBXBuildFile; fileRef = A465EE851D6C602200AC3DBD /* Assets.xcassets */; };
		A465EE891D6C602200AC3DBD /* LaunchScreen.storyboard in Resources */ = {isa = PBXBuildFile; fileRef = A465EE871D6C602200AC3DBD /* LaunchScreen.storyboard */; };
		A465EE931D6C637F00AC3DBD /* RSStarView.m in Sources */ = {isa = PBXBuildFile; fileRef = A465EE921D6C637F00AC3DBD /* RSStarView.m */; };
		A465EEB11D6DC76700AC3DBD /* RSShowStarView.m in Sources */ = {isa = PBXBuildFile; fileRef = A465EEB01D6DC76700AC3DBD /* RSShowStarView.m */; };
/* End PBXBuildFile section */

/* Begin PBXFileReference section */
		A41CB8FA1DC0BD920007FBD0 /* RSOnlyReadStarView.h */ = {isa = PBXFileReference; fileEncoding = 4; lastKnownFileType = sourcecode.c.h; path = RSOnlyReadStarView.h; sourceTree = "<group>"; };
		A41CB8FB1DC0BD920007FBD0 /* RSOnlyReadStarView.m */ = {isa = PBXFileReference; fileEncoding = 4; lastKnownFileType = sourcecode.c.objc; path = RSOnlyReadStarView.m; sourceTree = "<group>"; };
		A41CB8FD1DC0BDD40007FBD0 /* RSShowOnlyReadStarView.h */ = {isa = PBXFileReference; fileEncoding = 4; lastKnownFileType = sourcecode.c.h; path = RSShowOnlyReadStarView.h; sourceTree = "<group>"; };
		A41CB8FE1DC0BDD40007FBD0 /* RSShowOnlyReadStarView.m */ = {isa = PBXFileReference; fileEncoding = 4; lastKnownFileType = sourcecode.c.objc; path = RSShowOnlyReadStarView.m; sourceTree = "<group>"; };
		A465EE761D6C602200AC3DBD /* RSStarRating.app */ = {isa = PBXFileReference; explicitFileType = wrapper.application; includeInIndex = 0; path = RSStarRating.app; sourceTree = BUILT_PRODUCTS_DIR; };
		A465EE7A1D6C602200AC3DBD /* main.m */ = {isa = PBXFileReference; lastKnownFileType = sourcecode.c.objc; path = main.m; sourceTree = "<group>"; };
		A465EE7C1D6C602200AC3DBD /* AppDelegate.h */ = {isa = PBXFileReference; lastKnownFileType = sourcecode.c.h; path = AppDelegate.h; sourceTree = "<group>"; };
		A465EE7D1D6C602200AC3DBD /* AppDelegate.m */ = {isa = PBXFileReference; lastKnownFileType = sourcecode.c.objc; path = AppDelegate.m; sourceTree = "<group>"; };
		A465EE7F1D6C602200AC3DBD /* ViewController.h */ = {isa = PBXFileReference; lastKnownFileType = sourcecode.c.h; path = ViewController.h; sourceTree = "<group>"; };
		A465EE801D6C602200AC3DBD /* ViewController.m */ = {isa = PBXFileReference; lastKnownFileType = sourcecode.c.objc; path = ViewController.m; sourceTree = "<group>"; };
		A465EE831D6C602200AC3DBD /* Base */ = {isa = PBXFileReference; lastKnownFileType = file.storyboard; name = Base; path = Base.lproj/Main.storyboard; sourceTree = "<group>"; };
		A465EE851D6C602200AC3DBD /* Assets.xcassets */ = {isa = PBXFileReference; lastKnownFileType = folder.assetcatalog; path = Assets.xcassets; sourceTree = "<group>"; };
		A465EE881D6C602200AC3DBD /* Base */ = {isa = PBXFileReference; lastKnownFileType = file.storyboard; name = Base; path = Base.lproj/LaunchScreen.storyboard; sourceTree = "<group>"; };
		A465EE8A1D6C602200AC3DBD /* Info.plist */ = {isa = PBXFileReference; lastKnownFileType = text.plist.xml; path = Info.plist; sourceTree = "<group>"; };
		A465EE911D6C637F00AC3DBD /* RSStarView.h */ = {isa = PBXFileReference; fileEncoding = 4; lastKnownFileType = sourcecode.c.h; path = RSStarView.h; sourceTree = "<group>"; };
		A465EE921D6C637F00AC3DBD /* RSStarView.m */ = {isa = PBXFileReference; fileEncoding = 4; lastKnownFileType = sourcecode.c.objc; path = RSStarView.m; sourceTree = "<group>"; };
		A465EEAF1D6DC76700AC3DBD /* RSShowStarView.h */ = {isa = PBXFileReference; fileEncoding = 4; lastKnownFileType = sourcecode.c.h; path = RSShowStarView.h; sourceTree = "<group>"; };
		A465EEB01D6DC76700AC3DBD /* RSShowStarView.m */ = {isa = PBXFileReference; fileEncoding = 4; lastKnownFileType = sourcecode.c.objc; path = RSShowStarView.m; sourceTree = "<group>"; };
		A4A7ECEF1DCDBF8C00048C25 /* README.md */ = {isa = PBXFileReference; lastKnownFileType = net.daringfireball.markdown; path = README.md; sourceTree = "<group>"; };
/* End PBXFileReference section */

/* Begin PBXFrameworksBuildPhase section */
		A465EE731D6C602200AC3DBD /* Frameworks */ = {
			isa = PBXFrameworksBuildPhase;
			buildActionMask = 2147483647;
			files = (
			);
			runOnlyForDeploymentPostprocessing = 0;
		};
/* End PBXFrameworksBuildPhase section */

/* Begin PBXGroup section */
		A41CB8F91DC0BD520007FBD0 /* RSShowStarRating */ = {
			isa = PBXGroup;
			children = (
				A41CB8FA1DC0BD920007FBD0 /* RSOnlyReadStarView.h */,
				A41CB8FB1DC0BD920007FBD0 /* RSOnlyReadStarView.m */,
				A41CB8FD1DC0BDD40007FBD0 /* RSShowOnlyReadStarView.h */,
				A41CB8FE1DC0BDD40007FBD0 /* RSShowOnlyReadStarView.m */,
			);
			path = RSShowStarRating;
			sourceTree = "<group>";
		};
		A465EE6D1D6C602100AC3DBD = {
			isa = PBXGroup;
			children = (
				A4A7ECEF1DCDBF8C00048C25 /* README.md */,
				A465EE781D6C602200AC3DBD /* RSStarRating */,
				A465EE771D6C602200AC3DBD /* Products */,
			);
			sourceTree = "<group>";
		};
		A465EE771D6C602200AC3DBD /* Products */ = {
			isa = PBXGroup;
			children = (
				A465EE761D6C602200AC3DBD /* RSStarRating.app */,
			);
			name = Products;
			sourceTree = "<group>";
		};
		A465EE781D6C602200AC3DBD /* RSStarRating */ = {
			isa = PBXGroup;
			children = (
				A41CB8F91DC0BD520007FBD0 /* RSShowStarRating */,
				A465EE901D6C636200AC3DBD /* RSStarRating */,
				A465EE7C1D6C602200AC3DBD /* AppDelegate.h */,
				A465EE7D1D6C602200AC3DBD /* AppDelegate.m */,
				A465EE7F1D6C602200AC3DBD /* ViewController.h */,
				A465EE801D6C602200AC3DBD /* ViewController.m */,
				A465EE821D6C602200AC3DBD /* Main.storyboard */,
				A465EE851D6C602200AC3DBD /* Assets.xcassets */,
				A465EE871D6C602200AC3DBD /* LaunchScreen.storyboard */,
				A465EE8A1D6C602200AC3DBD /* Info.plist */,
				A465EE791D6C602200AC3DBD /* Supporting Files */,
			);
			path = RSStarRating;
			sourceTree = "<group>";
		};
		A465EE791D6C602200AC3DBD /* Supporting Files */ = {
			isa = PBXGroup;
			children = (
				A465EE7A1D6C602200AC3DBD /* main.m */,
			);
			name = "Supporting Files";
			sourceTree = "<group>";
		};
		A465EE901D6C636200AC3DBD /* RSStarRating */ = {
			isa = PBXGroup;
			children = (
				A465EE911D6C637F00AC3DBD /* RSStarView.h */,
				A465EE921D6C637F00AC3DBD /* RSStarView.m */,
				A465EEAF1D6DC76700AC3DBD /* RSShowStarView.h */,
				A465EEB01D6DC76700AC3DBD /* RSShowStarView.m */,
			);
			path = RSStarRating;
			sourceTree = "<group>";
		};
/* End PBXGroup section */

/* Begin PBXNativeTarget section */
		A465EE751D6C602200AC3DBD /* RSStarRating */ = {
			isa = PBXNativeTarget;
			buildConfigurationList = A465EE8D1D6C602200AC3DBD /* Build configuration list for PBXNativeTarget "RSStarRating" */;
			buildPhases = (
				A465EE721D6C602200AC3DBD /* Sources */,
				A465EE731D6C602200AC3DBD /* Frameworks */,
				A465EE741D6C602200AC3DBD /* Resources */,
			);
			buildRules = (
			);
			dependencies = (
			);
			name = RSStarRating;
			productName = RSStarRating;
			productReference = A465EE761D6C602200AC3DBD /* RSStarRating.app */;
			productType = "com.apple.product-type.application";
		};
/* End PBXNativeTarget section */

/* Begin PBXProject section */
		A465EE6E1D6C602100AC3DBD /* Project object */ = {
			isa = PBXProject;
			attributes = {
				LastUpgradeCheck = 0730;
				ORGANIZATIONNAME = thinkjoy;
				TargetAttributes = {
					A465EE751D6C602200AC3DBD = {
						CreatedOnToolsVersion = 7.3.1;
						DevelopmentTeam = 25DXZL4PYE;
					};
				};
			};
			buildConfigurationList = A465EE711D6C602100AC3DBD /* Build configuration list for PBXProject "RSStarRating" */;
			compatibilityVersion = "Xcode 3.2";
			developmentRegion = English;
			hasScannedForEncodings = 0;
			knownRegions = (
				en,
				Base,
			);
			mainGroup = A465EE6D1D6C602100AC3DBD;
			productRefGroup = A465EE771D6C602200AC3DBD /* Products */;
			projectDirPath = "";
			projectRoot = "";
			targets = (
				A465EE751D6C602200AC3DBD /* RSStarRating */,
			);
		};
/* End PBXProject section */

/* Begin PBXResourcesBuildPhase section */
		A465EE741D6C602200AC3DBD /* Resources */ = {
			isa = PBXResourcesBuildPhase;
			buildActionMask = 2147483647;
			files = (
				A465EE891D6C602200AC3DBD /* LaunchScreen.storyboard in Resources */,
				A465EE861D6C602200AC3DBD /* Assets.xcassets in Resources */,
				A465EE841D6C602200AC3DBD /* Main.storyboard in Resources */,
			);
			runOnlyForDeploymentPostprocessing = 0;
		};
/* End PBXResourcesBuildPhase section */

/* Begin PBXSourcesBuildPhase section */
		A465EE721D6C602200AC3DBD /* Sources */ = {
			isa = PBXSourcesBuildPhase;
			buildActionMask = 2147483647;
			files = (
				A465EE811D6C602200AC3DBD /* ViewController.m in Sources */,
				A465EEB11D6DC76700AC3DBD /* RSShowStarView.m in Sources */,
				A465EE931D6C637F00AC3DBD /* RSStarView.m in Sources */,
				A465EE7E1D6C602200AC3DBD /* AppDelegate.m in Sources */,
				A41CB8FF1DC0BDD40007FBD0 /* RSShowOnlyReadStarView.m in Sources */,
				A465EE7B1D6C602200AC3DBD /* main.m in Sources */,
				A41CB8FC1DC0BD920007FBD0 /* RSOnlyReadStarView.m in Sources */,
			);
			runOnlyForDeploymentPostprocessing = 0;
		};
/* End PBXSourcesBuildPhase section */

/* Begin PBXVariantGroup section */
		A465EE821D6C602200AC3DBD /* Main.storyboard */ = {
			isa = PBXVariantGroup;
			children = (
				A465EE831D6C602200AC3DBD /* Base */,
			);
			name = Main.storyboard;
			sourceTree = "<group>";
		};
		A465EE871D6C602200AC3DBD /* LaunchScreen.storyboard */ = {
			isa = PBXVariantGroup;
			children = (
				A465EE881D6C602200AC3DBD /* Base */,
			);
			name = LaunchScreen.storyboard;
			sourceTree = "<group>";
		};
/* End PBXVariantGroup section */

/* Begin XCBuildConfiguration section */
		A465EE8B1D6C602200AC3DBD /* Debug */ = {
			isa = XCBuildConfiguration;
			buildSettings = {
				ALWAYS_SEARCH_USER_PATHS = NO;
				CLANG_ANALYZER_NONNULL = YES;
				CLANG_CXX_LANGUAGE_STANDARD = "gnu++0x";
				CLANG_CXX_LIBRARY = "libc++";
				CLANG_ENABLE_MODULES = YES;
				CLANG_ENABLE_OBJC_ARC = YES;
				CLANG_WARN_BOOL_CONVERSION = YES;
				CLANG_WARN_CONSTANT_CONVERSION = YES;
				CLANG_WARN_DIRECT_OBJC_ISA_USAGE = YES_ERROR;
				CLANG_WARN_EMPTY_BODY = YES;
				CLANG_WARN_ENUM_CONVERSION = YES;
				CLANG_WARN_INT_CONVERSION = YES;
				CLANG_WARN_OBJC_ROOT_CLASS = YES_ERROR;
				CLANG_WARN_UNREACHABLE_CODE = YES;
				CLANG_WARN__DUPLICATE_METHOD_MATCH = YES;
				"CODE_SIGN_IDENTITY[sdk=iphoneos*]" = "iPhone Developer";
				COPY_PHASE_STRIP = NO;
				DEBUG_INFORMATION_FORMAT = dwarf;
				ENABLE_STRICT_OBJC_MSGSEND = YES;
				ENABLE_TESTABILITY = YES;
				GCC_C_LANGUAGE_STANDARD = gnu99;
				GCC_DYNAMIC_NO_PIC = NO;
				GCC_NO_COMMON_BLOCKS = YES;
				GCC_OPTIMIZATION_LEVEL = 0;
				GCC_PREPROCESSOR_DEFINITIONS = (
					"DEBUG=1",
					"$(inherited)",
				);
				GCC_WARN_64_TO_32_BIT_CONVERSION = YES;
				GCC_WARN_ABOUT_RETURN_TYPE = YES_ERROR;
				GCC_WARN_UNDECLARED_SELECTOR = YES;
				GCC_WARN_UNINITIALIZED_AUTOS = YES_AGGRESSIVE;
				GCC_WARN_UNUSED_FUNCTION = YES;
				GCC_WARN_UNUSED_VARIABLE = YES;
				IPHONEOS_DEPLOYMENT_TARGET = 9.3;
				MTL_ENABLE_DEBUG_INFO = YES;
				ONLY_ACTIVE_ARCH = YES;
				SDKROOT = iphoneos;
				TARGETED_DEVICE_FAMILY = "1,2";
			};
			name = Debug;
		};
		A465EE8C1D6C602200AC3DBD /* Release */ = {
			isa = XCBuildConfiguration;
			buildSettings = {
				ALWAYS_SEARCH_USER_PATHS = NO;
				CLANG_ANALYZER_NONNULL = YES;
				CLANG_CXX_LANGUAGE_STANDARD = "gnu++0x";
				CLANG_CXX_LIBRARY = "libc++";
				CLANG_ENABLE_MODULES = YES;
				CLANG_ENABLE_OBJC_ARC = YES;
				CLANG_WARN_BOOL_CONVERSION = YES;
				CLANG_WARN_CONSTANT_CONVERSION = YES;
				CLANG_WARN_DIRECT_OBJC_ISA_USAGE = YES_ERROR;
				CLANG_WARN_EMPTY_BODY = YES;
				CLANG_WARN_ENUM_CONVERSION = YES;
				CLANG_WARN_INT_CONVERSION = YES;
				CLANG_WARN_OBJC_ROOT_CLASS = YES_ERROR;
				CLANG_WARN_UNREACHABLE_CODE = YES;
				CLANG_WARN__DUPLICATE_METHOD_MATCH = YES;
				"CODE_SIGN_IDENTITY[sdk=iphoneos*]" = "iPhone Developer";
				COPY_PHASE_STRIP = NO;
				DEBUG_INFORMATION_FORMAT = "dwarf-with-dsym";
				ENABLE_NS_ASSERTIONS = NO;
				ENABLE_STRICT_OBJC_MSGSEND = YES;
				GCC_C_LANGUAGE_STANDARD = gnu99;
				GCC_NO_COMMON_BLOCKS = YES;
				GCC_WARN_64_TO_32_BIT_CONVERSION = YES;
				GCC_WARN_ABOUT_RETURN_TYPE = YES_ERROR;
				GCC_WARN_UNDECLARED_SELECTOR = YES;
				GCC_WARN_UNINITIALIZED_AUTOS = YES_AGGRESSIVE;
				GCC_WARN_UNUSED_FUNCTION = YES;
				GCC_WARN_UNUSED_VARIABLE = YES;
				IPHONEOS_DEPLOYMENT_TARGET = 9.3;
				MTL_ENABLE_DEBUG_INFO = NO;
				SDKROOT = iphoneos;
				TARGETED_DEVICE_FAMILY = "1,2";
				VALIDATE_PRODUCT = YES;
			};
			name = Release;
		};
		A465EE8E1D6C602200AC3DBD /* Debug */ = {
			isa = XCBuildConfiguration;
			buildSettings = {
				ASSETCATALOG_COMPILER_APPICON_NAME = AppIcon;
				INFOPLIST_FILE = RSStarRating/Info.plist;
				LD_RUNPATH_SEARCH_PATHS = "$(inherited) @executable_path/Frameworks";
				PRODUCT_BUNDLE_IDENTIFIER = com.thinkjoy.RSStarRating;
				PRODUCT_NAME = "$(TARGET_NAME)";
			};
			name = Debug;
		};
		A465EE8F1D6C602200AC3DBD /* Release */ = {
			isa = XCBuildConfiguration;
			buildSettings = {
				ASSETCATALOG_COMPILER_APPICON_NAME = AppIcon;
				INFOPLIST_FILE = RSStarRating/Info.plist;
				LD_RUNPATH_SEARCH_PATHS = "$(inherited) @executable_path/Frameworks";
				PRODUCT_BUNDLE_IDENTIFIER = com.thinkjoy.RSStarRating;
				PRODUCT_NAME = "$(TARGET_NAME)";
			};
			name = Release;
		};
/* End XCBuildConfiguration section */

/* Begin XCConfigurationList section */
		A465EE711D6C602100AC3DBD /* Build configuration list for PBXProject "RSStarRating" */ = {
			isa = XCConfigurationList;
			buildConfigurations = (
				A465EE8B1D6C602200AC3DBD /* Debug */,
				A465EE8C1D6C602200AC3DBD /* Release */,
			);
			defaultConfigurationIsVisible = 0;
			defaultConfigurationName = Release;
		};
		A465EE8D1D6C602200AC3DBD /* Build configuration list for PBXNativeTarget "RSStarRating" */ = {
			isa = XCConfigurationList;
			buildConfigurations = (
				A465EE8E1D6C602200AC3DBD /* Debug */,
				A465EE8F1D6C602200AC3DBD /* Release */,
			);
			defaultConfigurationIsVisible = 0;
			defaultConfigurationName = Release;
		};
/* End XCConfigurationList section */
	};
	rootObject = A465EE6E1D6C602100AC3DBD /* Project object */;
}
